
Microsoft Visual Studio Solution File, Format Version 12.00
# Visual Studio Version 17
VisualStudioVersion = 17.12.35514.174 d17.12
MinimumVisualStudioVersion = 10.0.40219.1
Project("{2150E333-8FDC-42A3-9474-1A3956D46DE8}") = "src", "src", "{969C9E4D-3A22-4CA2-ACDE-B1F2597FF043}"
EndProject
Project("{2150E333-8FDC-42A3-9474-1A3956D46DE8}") = "tests", "tests", "{C35A217B-F762-4101-81CC-AB93CA9C488C}"
EndProject
Project("{FAE04EC0-301F-11D3-BF4B-00C04F79EFBC}") = "Web", "src\Web\Web.csproj", "{997AD1A6-65C7-42BA-8332-A6FF89D89CFC}"
EndProject
Global
	GlobalSection(SolutionConfigurationPlatforms) = preSolution
		Debug|Any CPU = Debug|Any CPU
		Release|Any CPU = Release|Any CPU
	EndGlobalSection
	GlobalSection(ProjectConfigurationPlatforms) = postSolution
		{997AD1A6-65C7-42BA-8332-A6FF89D89CFC}.Debug|Any CPU.ActiveCfg = Debug|Any CPU
		{997AD1A6-65C7-42BA-8332-A6FF89D89CFC}.Debug|Any CPU.Build.0 = Debug|Any CPU
		{997AD1A6-65C7-42BA-8332-A6FF89D89CFC}.Release|Any CPU.ActiveCfg = Release|Any CPU
		{997AD1A6-65C7-42BA-8332-A6FF89D89CFC}.Release|Any CPU.Build.0 = Release|Any CPU
	EndGlobalSection
	GlobalSection(SolutionProperties) = preSolution
		HideSolutionNode = FALSE
	EndGlobalSection
	GlobalSection(NestedProjects) = preSolution
		{997AD1A6-65C7-42BA-8332-A6FF89D89CFC} = {969C9E4D-3A22-4CA2-ACDE-B1F2597FF043}
	EndGlobalSection
EndGlobal
